
Microsoft Visual Studio Solution File, Format Version 12.00
# Visual Studio Version 17
VisualStudioVersion = 17.11.35312.102
MinimumVisualStudioVersion = 10.0.40219.1
Project("{FAE04EC0-301F-11D3-BF4B-00C04F79EFBC}") = "TestTCPFuzz", "TestTCPFuzz\TestTCPFuzz.csproj", "{64A3E6AF-01CC-48F2-A24D-B92AC263E5A6}"
EndProject
Global
	GlobalSection(SolutionConfigurationPlatforms) = preSolution
		Debug|Any CPU = Debug|Any CPU
		Release|Any CPU = Release|Any CPU
	EndGlobalSection
	GlobalSection(ProjectConfigurationPlatforms) = postSolution
		{64A3E6AF-01CC-48F2-A24D-B92AC263E5A6}.Debug|Any CPU.ActiveCfg = Debug|Any CPU
		{64A3E6AF-01CC-48F2-A24D-B92AC263E5A6}.Debug|Any CPU.Build.0 = Debug|Any CPU
		{64A3E6AF-01CC-48F2-A24D-B92AC263E5A6}.Release|Any CPU.ActiveCfg = Release|Any CPU
		{64A3E6AF-01CC-48F2-A24D-B92AC263E5A6}.Release|Any CPU.Build.0 = Release|Any CPU
	EndGlobalSection
	GlobalSection(SolutionProperties) = preSolution
		HideSolutionNode = FALSE
	EndGlobalSection
	GlobalSection(ExtensibilityGlobals) = postSolution
		SolutionGuid = {BF2A4A71-8145-4461-A9C1-C044E2351544}
	EndGlobalSection
EndGlobal
